
Microsoft Visual Studio Solution File, Format Version 12.00
# Visual Studio Version 17
VisualStudioVersion = 17.0.31903.59
MinimumVisualStudioVersion = 10.0.40219.1
Project("{2150E333-8FDC-42A3-9474-1A3956D46DE8}") = "src", "src", "{827E0CD3-B72D-47B6-A68D-7590B98EB39B}"
EndProject
Project("{FAE04EC0-301F-11D3-BF4B-00C04F79EFBC}") = "DocSearch.Api", "src\DocSearch.Api\DocSearch.Api.csproj", "{CDB3C150-D0BC-49FE-B271-4630CE2087AB}"
EndProject
Project("{FAE04EC0-301F-11D3-BF4B-00C04F79EFBC}") = "DocSearch.Core", "src\DocSearch.Core\DocSearch.Core.csproj", "{64AA04E2-AAA0-4181-892F-AB2AE4640BEF}"
EndProject
Project("{FAE04EC0-301F-11D3-BF4B-00C04F79EFBC}") = "DocSearch.Documents", "src\DocSearch.Documents\DocSearch.Documents.csproj", "{3C29705D-AF77-4DA8-B610-C10AE4F8EDFC}"
EndProject
Project("{FAE04EC0-301F-11D3-BF4B-00C04F79EFBC}") = "DocSearch.Infrastructure", "src\DocSearch.Infrastructure\DocSearch.Infrastructure.csproj", "{5C6DA4B9-019A-47AB-A434-C2B95E5358CC}"
EndProject
Project("{FAE04EC0-301F-11D3-BF4B-00C04F79EFBC}") = "DocSearch.Search", "src\DocSearch.Search\DocSearch.Search.csproj", "{0447A203-9DE8-4029-AB82-500B257DFF51}"
EndProject
Project("{2150E333-8FDC-42A3-9474-1A3956D46DE8}") = "tests", "tests", "{0AB3BF05-4346-4AA6-1389-037BE0695223}"
EndProject
Project("{FAE04EC0-301F-11D3-BF4B-00C04F79EFBC}") = "DocSearch.IntegrationTests", "tests\DocSearch.IntegrationTests\DocSearch.IntegrationTests.csproj", "{1B006D89-2FD5-4279-86F7-2D0B5226AB7E}"
EndProject
Project("{FAE04EC0-301F-11D3-BF4B-00C04F79EFBC}") = "DocSearch.UnitTests", "tests\DocSearch.UnitTests\DocSearch.UnitTests.csproj", "{1EA3332E-41D4-4890-AC74-ED4F447B7ADA}"
EndProject
Global
	GlobalSection(SolutionConfigurationPlatforms) = preSolution
		Debug|Any CPU = Debug|Any CPU
		Debug|x64 = Debug|x64
		Debug|x86 = Debug|x86
		Release|Any CPU = Release|Any CPU
		Release|x64 = Release|x64
		Release|x86 = Release|x86
	EndGlobalSection
	GlobalSection(ProjectConfigurationPlatforms) = postSolution
		{CDB3C150-D0BC-49FE-B271-4630CE2087AB}.Debug|Any CPU.ActiveCfg = Debug|Any CPU
		{CDB3C150-D0BC-49FE-B271-4630CE2087AB}.Debug|Any CPU.Build.0 = Debug|Any CPU
		{CDB3C150-D0BC-49FE-B271-4630CE2087AB}.Debug|x64.ActiveCfg = Debug|Any CPU
		{CDB3C150-D0BC-49FE-B271-4630CE2087AB}.Debug|x64.Build.0 = Debug|Any CPU
		{CDB3C150-D0BC-49FE-B271-4630CE2087AB}.Debug|x86.ActiveCfg = Debug|Any CPU
		{CDB3C150-D0BC-49FE-B271-4630CE2087AB}.Debug|x86.Build.0 = Debug|Any CPU
		{CDB3C150-D0BC-49FE-B271-4630CE2087AB}.Release|Any CPU.ActiveCfg = Release|Any CPU
		{CDB3C150-D0BC-49FE-B271-4630CE2087AB}.Release|Any CPU.Build.0 = Release|Any CPU
		{CDB3C150-D0BC-49FE-B271-4630CE2087AB}.Release|x64.ActiveCfg = Release|Any CPU
		{CDB3C150-D0BC-49FE-B271-4630CE2087AB}.Release|x64.Build.0 = Release|Any CPU
		{CDB3C150-D0BC-49FE-B271-4630CE2087AB}.Release|x86.ActiveCfg = Release|Any CPU
		{CDB3C150-D0BC-49FE-B271-4630CE2087AB}.Release|x86.Build.0 = Release|Any CPU
		{64AA04E2-AAA0-4181-892F-AB2AE4640BEF}.Debug|Any CPU.ActiveCfg = Debug|Any CPU
		{64AA04E2-AAA0-4181-892F-AB2AE4640BEF}.Debug|Any CPU.Build.0 = Debug|Any CPU
		{64AA04E2-AAA0-4181-892F-AB2AE4640BEF}.Debug|x64.ActiveCfg = Debug|Any CPU
		{64AA04E2-AAA0-4181-892F-AB2AE4640BEF}.Debug|x64.Build.0 = Debug|Any CPU
		{64AA04E2-AAA0-4181-892F-AB2AE4640BEF}.Debug|x86.ActiveCfg = Debug|Any CPU
		{64AA04E2-AAA0-4181-892F-AB2AE4640BEF}.Debug|x86.Build.0 = Debug|Any CPU
		{64AA04E2-AAA0-4181-892F-AB2AE4640BEF}.Release|Any CPU.ActiveCfg = Release|Any CPU
		{64AA04E2-AAA0-4181-892F-AB2AE4640BEF}.Release|Any CPU.Build.0 = Release|Any CPU
		{64AA04E2-AAA0-4181-892F-AB2AE4640BEF}.Release|x64.ActiveCfg = Release|Any CPU
		{64AA04E2-AAA0-4181-892F-AB2AE4640BEF}.Release|x64.Build.0 = Release|Any CPU
		{64AA04E2-AAA0-4181-892F-AB2AE4640BEF}.Release|x86.ActiveCfg = Release|Any CPU
		{64AA04E2-AAA0-4181-892F-AB2AE4640BEF}.Release|x86.Build.0 = Release|Any CPU
		{3C29705D-AF77-4DA8-B610-C10AE4F8EDFC}.Debug|Any CPU.ActiveCfg = Debug|Any CPU
		{3C29705D-AF77-4DA8-B610-C10AE4F8EDFC}.Debug|Any CPU.Build.0 = Debug|Any CPU
		{3C29705D-AF77-4DA8-B610-C10AE4F8EDFC}.Debug|x64.ActiveCfg = Debug|Any CPU
		{3C29705D-AF77-4DA8-B610-C10AE4F8EDFC}.Debug|x64.Build.0 = Debug|Any CPU
		{3C29705D-AF77-4DA8-B610-C10AE4F8EDFC}.Debug|x86.ActiveCfg = Debug|Any CPU
		{3C29705D-AF77-4DA8-B610-C10AE4F8EDFC}.Debug|x86.Build.0 = Debug|Any CPU
		{3C29705D-AF77-4DA8-B610-C10AE4F8EDFC}.Release|Any CPU.ActiveCfg = Release|Any CPU
		{3C29705D-AF77-4DA8-B610-C10AE4F8EDFC}.Release|Any CPU.Build.0 = Release|Any CPU
		{3C29705D-AF77-4DA8-B610-C10AE4F8EDFC}.Release|x64.ActiveCfg = Release|Any CPU
		{3C29705D-AF77-4DA8-B610-C10AE4F8EDFC}.Release|x64.Build.0 = Release|Any CPU
		{3C29705D-AF77-4DA8-B610-C10AE4F8EDFC}.Release|x86.ActiveCfg = Release|Any CPU
		{3C29705D-AF77-4DA8-B610-C10AE4F8EDFC}.Release|x86.Build.0 = Release|Any CPU
		{5C6DA4B9-019A-47AB-A434-C2B95E5358CC}.Debug|Any CPU.ActiveCfg = Debug|Any CPU
		{5C6DA4B9-019A-47AB-A434-C2B95E5358CC}.Debug|Any CPU.Build.0 = Debug|Any CPU
		{5C6DA4B9-019A-47AB-A434-C2B95E5358CC}.Debug|x64.ActiveCfg = Debug|Any CPU
		{5C6DA4B9-019A-47AB-A434-C2B95E5358CC}.Debug|x64.Build.0 = Debug|Any CPU
		{5C6DA4B9-019A-47AB-A434-C2B95E5358CC}.Debug|x86.ActiveCfg = Debug|Any CPU
		{5C6DA4B9-019A-47AB-A434-C2B95E5358CC}.Debug|x86.Build.0 = Debug|Any CPU
		{5C6DA4B9-019A-47AB-A434-C2B95E5358CC}.Release|Any CPU.ActiveCfg = Release|Any CPU
		{5C6DA4B9-019A-47AB-A434-C2B95E5358CC}.Release|Any CPU.Build.0 = Release|Any CPU
		{5C6DA4B9-019A-47AB-A434-C2B95E5358CC}.Release|x64.ActiveCfg = Release|Any CPU
		{5C6DA4B9-019A-47AB-A434-C2B95E5358CC}.Release|x64.Build.0 = Release|Any CPU
		{5C6DA4B9-019A-47AB-A434-C2B95E5358CC}.Release|x86.ActiveCfg = Release|Any CPU
		{5C6DA4B9-019A-47AB-A434-C2B95E5358CC}.Release|x86.Build.0 = Release|Any CPU
		{0447A203-9DE8-4029-AB82-500B257DFF51}.Debug|Any CPU.ActiveCfg = Debug|Any CPU
		{0447A203-9DE8-4029-AB82-500B257DFF51}.Debug|Any CPU.Build.0 = Debug|Any CPU
		{0447A203-9DE8-4029-AB82-500B257DFF51}.Debug|x64.ActiveCfg = Debug|Any CPU
		{0447A203-9DE8-4029-AB82-500B257DFF51}.Debug|x64.Build.0 = Debug|Any CPU
		{0447A203-9DE8-4029-AB82-500B257DFF51}.Debug|x86.ActiveCfg = Debug|Any CPU
		{0447A203-9DE8-4029-AB82-500B257DFF51}.Debug|x86.Build.0 = Debug|Any CPU
		{0447A203-9DE8-4029-AB82-500B257DFF51}.Release|Any CPU.ActiveCfg = Release|Any CPU
		{0447A203-9DE8-4029-AB82-500B257DFF51}.Release|Any CPU.Build.0 = Release|Any CPU
		{0447A203-9DE8-4029-AB82-500B257DFF51}.Release|x64.ActiveCfg = Release|Any CPU
		{0447A203-9DE8-4029-AB82-500B257DFF51}.Release|x64.Build.0 = Release|Any CPU
		{0447A203-9DE8-4029-AB82-500B257DFF51}.Release|x86.ActiveCfg = Release|Any CPU
		{0447A203-9DE8-4029-AB82-500B257DFF51}.Release|x86.Build.0 = Release|Any CPU
		{1B006D89-2FD5-4279-86F7-2D0B5226AB7E}.Debug|Any CPU.ActiveCfg = Debug|Any CPU
		{1B006D89-2FD5-4279-86F7-2D0B5226AB7E}.Debug|Any CPU.Build.0 = Debug|Any CPU
		{1B006D89-2FD5-4279-86F7-2D0B5226AB7E}.Debug|x64.ActiveCfg = Debug|Any CPU
		{1B006D89-2FD5-4279-86F7-2D0B5226AB7E}.Debug|x64.Build.0 = Debug|Any CPU
		{1B006D89-2FD5-4279-86F7-2D0B5226AB7E}.Debug|x86.ActiveCfg = Debug|Any CPU
		{1B006D89-2FD5-4279-86F7-2D0B5226AB7E}.Debug|x86.Build.0 = Debug|Any CPU
		{1B006D89-2FD5-4279-86F7-2D0B5226AB7E}.Release|Any CPU.ActiveCfg = Release|Any CPU
		{1B006D89-2FD5-4279-86F7-2D0B5226AB7E}.Release|Any CPU.Build.0 = Release|Any CPU
		{1B006D89-2FD5-4279-86F7-2D0B5226AB7E}.Release|x64.ActiveCfg = Release|Any CPU
		{1B006D89-2FD5-4279-86F7-2D0B5226AB7E}.Release|x64.Build.0 = Release|Any CPU
		{1B006D89-2FD5-4279-86F7-2D0B5226AB7E}.Release|x86.ActiveCfg = Release|Any CPU
		{1B006D89-2FD5-4279-86F7-2D0B5226AB7E}.Release|x86.Build.0 = Release|Any CPU
		{1EA3332E-41D4-4890-AC74-ED4F447B7ADA}.Debug|Any CPU.ActiveCfg = Debug|Any CPU
		{1EA3332E-41D4-4890-AC74-ED4F447B7ADA}.Debug|Any CPU.Build.0 = Debug|Any CPU
		{1EA3332E-41D4-4890-AC74-ED4F447B7ADA}.Debug|x64.ActiveCfg = Debug|Any CPU
		{1EA3332E-41D4-4890-AC74-ED4F447B7ADA}.Debug|x64.Build.0 = Debug|Any CPU
		{1EA3332E-41D4-4890-AC74-ED4F447B7ADA}.Debug|x86.ActiveCfg = Debug|Any CPU
		{1EA3332E-41D4-4890-AC74-ED4F447B7ADA}.Debug|x86.Build.0 = Debug|Any CPU
		{1EA3332E-41D4-4890-AC74-ED4F447B7ADA}.Release|Any CPU.ActiveCfg = Release|Any CPU
		{1EA3332E-41D4-4890-AC74-ED4F447B7ADA}.Release|Any CPU.Build.0 = Release|Any CPU
		{1EA3332E-41D4-4890-AC74-ED4F447B7ADA}.Release|x64.ActiveCfg = Release|Any CPU
		{1EA3332E-41D4-4890-AC74-ED4F447B7ADA}.Release|x64.Build.0 = Release|Any CPU
		{1EA3332E-41D4-4890-AC74-ED4F447B7ADA}.Release|x86.ActiveCfg = Release|Any CPU
		{1EA3332E-41D4-4890-AC74-ED4F447B7ADA}.Release|x86.Build.0 = Release|Any CPU
	EndGlobalSection
	GlobalSection(SolutionProperties) = preSolution
		HideSolutionNode = FALSE
	EndGlobalSection
	GlobalSection(NestedProjects) = preSolution
		{CDB3C150-D0BC-49FE-B271-4630CE2087AB} = {827E0CD3-B72D-47B6-A68D-7590B98EB39B}
		{64AA04E2-AAA0-4181-892F-AB2AE4640BEF} = {827E0CD3-B72D-47B6-A68D-7590B98EB39B}
		{3C29705D-AF77-4DA8-B610-C10AE4F8EDFC} = {827E0CD3-B72D-47B6-A68D-7590B98EB39B}
		{5C6DA4B9-019A-47AB-A434-C2B95E5358CC} = {827E0CD3-B72D-47B6-A68D-7590B98EB39B}
		{0447A203-9DE8-4029-AB82-500B257DFF51} = {827E0CD3-B72D-47B6-A68D-7590B98EB39B}
		{1B006D89-2FD5-4279-86F7-2D0B5226AB7E} = {0AB3BF05-4346-4AA6-1389-037BE0695223}
		{1EA3332E-41D4-4890-AC74-ED4F447B7ADA} = {0AB3BF05-4346-4AA6-1389-037BE0695223}
	EndGlobalSection
EndGlobal
